<?xml version="1.0" encoding="utf-8"?>
<Project ToolsVersion="4.0" xmlns="http://schemas.microsoft.com/developer/msbuild/2003">
  <ItemGroup>
    <Filter Include="ソース ファイル">
      <UniqueIdentifier>{4FC737F1-C7A5-4376-A066-2A32D752A2FF}</UniqueIdentifier>
      <Extensions>cpp;c;cc;cxx;def;odl;idl;hpj;bat;asm;asmx</Extensions>
    </Filter>
    <Filter Include="ヘッダー ファイル">
      <UniqueIdentifier>{93995380-89BD-4b04-88EB-625FBE52EBFB}</UniqueIdentifier>
      <Extensions>h;hh;hpp;hxx;hm;inl;inc;ipp;xsd</Extensions>
    </Filter>
    <Filter Include="リソース ファイル">
      <UniqueIdentifier>{67DA6AB6-F800-4c08-8B7A-83BB121AAD01}</UniqueIdentifier>
      <Extensions>rc;ico;cur;bmp;dlg;rc2;rct;bin;rgs;gif;jpg;jpeg;jpe;resx;tiff;tif;png;wav;mfcribbon-ms</Extensions>
    </Filter>
    <Filter Include="ソース ファイル\tools">
      <UniqueIdentifier>{c7664127-f3dc-4254-b1dd-b2b5b2d9fcdb}</UniqueIdentifier>
    </Filter>
    <Filter Include="ソース ファイル\utilities">
      <UniqueIdentifier>{cf378003-b197-4243-b6cc-fbae0ba948a7}</UniqueIdentifier>
    </Filter>
    <Filter Include="ソース ファイル\shader">
      <UniqueIdentifier>{56b3cfaa-a001-49df-9ac4-7f07f45f8eee}</UniqueIdentifier>
    </Filter>
    <Filter Include="ヘッダー ファイル\shader">
      <UniqueIdentifier>{5c01f95c-b798-4801-82de-8fe032fbf69b}</UniqueIdentifier>
    </Filter>
    <Filter Include="ヘッダー ファイル\scene">
      <UniqueIdentifier>{fdee66a1-d6fc-4092-b3ea-b262ec356e64}</UniqueIdentifier>
    </Filter>
    <Filter Include="ヘッダー ファイル\utilities">
      <UniqueIdentifier>{b7aef804-48a4-455b-bc0c-9f965a41fb6f}</UniqueIdentifier>
    </Filter>
    <Filter Include="ヘッダー ファイル\tools">
      <UniqueIdentifier>{690252c9-f192-4de4-99a5-27cccfcf7eaa}</UniqueIdentifier>
    </Filter>
    <Filter Include="ソース ファイル\application">
      <UniqueIdentifier>{7a71a4e5-2d02-4740-b1f2-d75c946aa6d8}</UniqueIdentifier>
    </Filter>
    <Filter Include="ヘッダー ファイル\application">
      <UniqueIdentifier>{bcef35ab-f8dd-4977-893e-951f96ee08b0}</UniqueIdentifier>
    </Filter>
  </ItemGroup>
  <ItemGroup>
    <ClInclude Include="MofSip.h">
      <Filter>ヘッダー ファイル</Filter>
    </ClInclude>
    <ClInclude Include="sip\tools\AnimationData.h">
      <Filter>ヘッダー ファイル\tools</Filter>
    </ClInclude>
    <ClInclude Include="sip\tools\EffectBase.h">
      <Filter>ヘッダー ファイル\tools</Filter>
    </ClInclude>
    <ClInclude Include="sip\utilities\AssetBase.h">
      <Filter>ヘッダー ファイル\utilities</Filter>
    </ClInclude>
    <ClInclude Include="sip\utilities\EaseMotion.h">
      <Filter>ヘッダー ファイル\utilities</Filter>
    </ClInclude>
    <ClInclude Include="sip\utilities\EaseMotionController.h">
      <Filter>ヘッダー ファイル\utilities</Filter>
    </ClInclude>
    <ClInclude Include="sip\utilities\Easing.h">
      <Filter>ヘッダー ファイル\utilities</Filter>
    </ClInclude>
    <ClInclude Include="sip\tools\Emitter.h">
      <Filter>ヘッダー ファイル\tools</Filter>
    </ClInclude>
    <ClInclude Include="sip\scene\SceneManager.h">
      <Filter>ヘッダー ファイル\scene</Filter>
    </ClInclude>
    <ClInclude Include="sip\tools\Particle.h">
      <Filter>ヘッダー ファイル\tools</Filter>
    </ClInclude>
    <ClInclude Include="sip\utilities\RoundRect.h">
      <Filter>ヘッダー ファイル\utilities</Filter>
    </ClInclude>
    <ClInclude Include="sip\utilities\StopWatch.h">
      <Filter>ヘッダー ファイル\utilities</Filter>
    </ClInclude>
    <ClInclude Include="sip\shader\ToonShader.h">
      <Filter>ヘッダー ファイル\shader</Filter>
    </ClInclude>
    <ClInclude Include="sip\utilities\ResourceFont.h">
      <Filter>ヘッダー ファイル\utilities</Filter>
    </ClInclude>
    <ClInclude Include="sip\tools\FileDialog.h">
      <Filter>ヘッダー ファイル\tools</Filter>
    </ClInclude>
    <ClInclude Include="sip\utilities\MyCamera.h">
      <Filter>ヘッダー ファイル\utilities</Filter>
    </ClInclude>
    <ClInclude Include="sip\utilities\FreeCamera.h">
      <Filter>ヘッダー ファイル\utilities</Filter>
    </ClInclude>
    <ClInclude Include="sip\utilities\MyCamera2D.h">
      <Filter>ヘッダー ファイル\utilities</Filter>
    </ClInclude>
    <ClInclude Include="sip\utilities\Cursor.h">
      <Filter>ヘッダー ファイル\utilities</Filter>
    </ClInclude>
    <ClInclude Include="sip\utilities\Periodic.h">
      <Filter>ヘッダー ファイル\utilities</Filter>
    </ClInclude>
    <ClInclude Include="sip\utilities\MyTime.h">
      <Filter>ヘッダー ファイル\utilities</Filter>
    </ClInclude>
    <ClInclude Include="sip\utilities\FlagBase.h">
      <Filter>ヘッダー ファイル\utilities</Filter>
    </ClInclude>
    <ClInclude Include="sip\utilities\HSV.h">
      <Filter>ヘッダー ファイル\utilities</Filter>
    </ClInclude>
    <ClInclude Include="sip\application\SipFramework.h">
      <Filter>ヘッダー ファイル\application</Filter>
    </ClInclude>
  </ItemGroup>
  <ItemGroup>
    <ClCompile Include="sip\shader\ToonShader.cpp">
      <Filter>ソース ファイル\shader</Filter>
    </ClCompile>
    <ClCompile Include="sip\tools\AnimationData.cpp">
      <Filter>ソース ファイル\tools</Filter>
    </ClCompile>
    <ClCompile Include="sip\utilities\Easing.cpp">
      <Filter>ソース ファイル\utilities</Filter>
    </ClCompile>
    <ClCompile Include="sip\tools\EffectBase.cpp">
      <Filter>ソース ファイル\tools</Filter>
    </ClCompile>
    <ClCompile Include="sip\tools\Particle.cpp">
      <Filter>ソース ファイル\tools</Filter>
    </ClCompile>
    <ClCompile Include="sip\utilities\RoundRect.cpp">
      <Filter>ソース ファイル\utilities</Filter>
    </ClCompile>
    <ClCompile Include="sip\utilities\StopWatch.cpp">
      <Filter>ソース ファイル\utilities</Filter>
    </ClCompile>
    <ClCompile Include="sip\utilities\ResourceFont.cpp">
      <Filter>ソース ファイル\utilities</Filter>
    </ClCompile>
    <ClCompile Include="sip\tools\FileDialog.cpp">
      <Filter>ソース ファイル\tools</Filter>
    </ClCompile>
    <ClCompile Include="sip\utilities\MyCamera.cpp">
      <Filter>ソース ファイル\utilities</Filter>
    </ClCompile>
    <ClCompile Include="sip\utilities\FreeCamera.cpp">
      <Filter>ソース ファイル\utilities</Filter>
    </ClCompile>
    <ClCompile Include="sip\utilities\MyCamera2D.cpp">
      <Filter>ソース ファイル\utilities</Filter>
    </ClCompile>
    <ClCompile Include="sip\utilities\MyTime.cpp">
      <Filter>ソース ファイル\utilities</Filter>
    </ClCompile>
    <ClCompile Include="sip\utilities\HSV.cpp">
      <Filter>ソース ファイル\utilities</Filter>
    </ClCompile>
    <ClCompile Include="sip\application\SipFramework.cpp">
      <Filter>ソース ファイル\application</Filter>
    </ClCompile>
  </ItemGroup>
  <ItemGroup>
    <None Include="sip\utilities\MyCamera.inl">
      <Filter>ヘッダー ファイル\utilities</Filter>
    </None>
    <None Include="sip\utilities\MyCamera2D.inl">
      <Filter>ヘッダー ファイル\utilities</Filter>
    </None>
    <None Include="sip\utilities\Periodic.inl">
      <Filter>ヘッダー ファイル\utilities</Filter>
    </None>
  </ItemGroup>
</Project>